{
  "name": "sekvenceris_software",
  "version": "1.0.0",
  "lockfileVersion": 1,
  "requires": true,
  "dependencies": {
    "@types/node": {
      "version": "13.7.7",
      "resolved": "https://registry.npmjs.org/@types/node/-/node-13.7.7.tgz",
      "integrity": "sha512-Uo4chgKbnPNlxQwoFmYIwctkQVkMMmsAoGGU4JKwLuvBefF0pCq4FybNSnfkfRCpC7ZW7kttcC/TrRtAJsvGtg=="
    },
    "lodash": {
      "version": "4.17.15",
      "resolved": "https://registry.npmjs.org/lodash/-/lodash-4.17.15.tgz",
      "integrity": "sha512-8xOcRHvCjnocdS5cpwXQXVzmmh5e5+saE2QGoeQmbKmRS6J3VQppPOIt0MnmE+4xlZoumy0GPG0D0MVIQbNA1A=="
    },
    "ts-key-enum": {
      "version": "2.0.2",
      "resolved": "https://registry.npmjs.org/ts-key-enum/-/ts-key-enum-2.0.2.tgz",
      "integrity": "sha512-9S3QMUVixqX7hRRdeWTSDyz/EzO5Gf5iWkub0EYCnqDtDa4r11WKSOO2xLyMrGUq9Ltz+3jfk7uU0H4bTtBqbw=="
    },
    "typescript": {
      "version": "3.8.3",
      "resolved": "https://registry.npmjs.org/typescript/-/typescript-3.8.3.tgz",
      "integrity": "sha512-MYlEfn5VrLNsgudQTVJeNaQFUAI7DkhnOjdpAp4T+ku1TfQClewlbSuTVHiA+8skNBgaf02TL/kLOvig4y3G8w=="
    }
  }
}
